
Microsoft Visual Studio Solution File, Format Version 12.00
# Visual Studio Version 17
VisualStudioVersion = 17.11.35222.181
MinimumVisualStudioVersion = 10.0.40219.1
Project("{9A19103F-16F7-4668-BE54-9A1E7A4F7556}") = "AGDATAPITesting", "AGDATAPITesting\AGDATAPITesting.csproj", "{F80B6E14-2D45-4D84-A602-A611209A8133}"
EndProject
Project("{9A19103F-16F7-4668-BE54-9A1E7A4F7556}") = "AGDATAUIAutomationTest", "AGDATAUIAutomationTest\AGDATAUIAutomationTest.csproj", "{0A29EB18-A32B-4068-BB80-724BCB3151EB}"
EndProject
Global
	GlobalSection(SolutionConfigurationPlatforms) = preSolution
		Debug|Any CPU = Debug|Any CPU
		Release|Any CPU = Release|Any CPU
	EndGlobalSection
	GlobalSection(ProjectConfigurationPlatforms) = postSolution
		{F80B6E14-2D45-4D84-A602-A611209A8133}.Debug|Any CPU.ActiveCfg = Debug|Any CPU
		{F80B6E14-2D45-4D84-A602-A611209A8133}.Debug|Any CPU.Build.0 = Debug|Any CPU
		{F80B6E14-2D45-4D84-A602-A611209A8133}.Release|Any CPU.ActiveCfg = Release|Any CPU
		{F80B6E14-2D45-4D84-A602-A611209A8133}.Release|Any CPU.Build.0 = Release|Any CPU
		{0A29EB18-A32B-4068-BB80-724BCB3151EB}.Debug|Any CPU.ActiveCfg = Debug|Any CPU
		{0A29EB18-A32B-4068-BB80-724BCB3151EB}.Debug|Any CPU.Build.0 = Debug|Any CPU
		{0A29EB18-A32B-4068-BB80-724BCB3151EB}.Release|Any CPU.ActiveCfg = Release|Any CPU
		{0A29EB18-A32B-4068-BB80-724BCB3151EB}.Release|Any CPU.Build.0 = Release|Any CPU
	EndGlobalSection
	GlobalSection(SolutionProperties) = preSolution
		HideSolutionNode = FALSE
	EndGlobalSection
	GlobalSection(ExtensibilityGlobals) = postSolution
		SolutionGuid = {42B0295C-B944-40E7-8B2F-FB7D8262834A}
	EndGlobalSection
EndGlobal
